
Microsoft Visual Studio Solution File, Format Version 12.00
# Visual Studio Version 16
VisualStudioVersion = 16.0.34114.132
MinimumVisualStudioVersion = 10.0.40219.1
Project("{FAE04EC0-301F-11D3-BF4B-00C04F79EFBC}") = "ReadIpLogList", "ReadIpLogList.csproj", "{2AF95567-4179-429F-A65A-3B76AC97DC59}"
EndProject
Project("{2150E333-8FDC-42A3-9474-1A3956D46DE8}") = "Solution Items", "Solution Items", "{6363A518-C0C4-47BD-B818-A8A3801F5EBA}"
	ProjectSection(SolutionItems) = preProject
		Значок1.ico = Значок1.ico
	EndProjectSection
EndProject
Global
	GlobalSection(SolutionConfigurationPlatforms) = preSolution
		Debug|Any CPU = Debug|Any CPU
		Release|Any CPU = Release|Any CPU
	EndGlobalSection
	GlobalSection(ProjectConfigurationPlatforms) = postSolution
		{2AF95567-4179-429F-A65A-3B76AC97DC59}.Debug|Any CPU.ActiveCfg = Debug|Any CPU
		{2AF95567-4179-429F-A65A-3B76AC97DC59}.Debug|Any CPU.Build.0 = Debug|Any CPU
		{2AF95567-4179-429F-A65A-3B76AC97DC59}.Release|Any CPU.ActiveCfg = Release|Any CPU
		{2AF95567-4179-429F-A65A-3B76AC97DC59}.Release|Any CPU.Build.0 = Release|Any CPU
	EndGlobalSection
	GlobalSection(SolutionProperties) = preSolution
		HideSolutionNode = FALSE
	EndGlobalSection
	GlobalSection(ExtensibilityGlobals) = postSolution
		SolutionGuid = {49650BCA-5E50-4B8B-B119-73B749A50C68}
	EndGlobalSection
EndGlobal
